{
    "version": 3,
    "terraform_version": "0.11.8",
    "serial": 9,
    "lineage": "16d9a88a-d546-2bb4-1aca-c9090e28cbf4",
    "modules": [
        {
            "path": [
                "root"
            ],
            "outputs": {},
            "resources": {
                "aws_eip.TF_EIP": {
                    "type": "aws_eip",
                    "depends_on": [],
                    "primary": {
                        "id": "eipalloc-04de0fa3b6f4d472b",
                        "attributes": {
                            "association_id": "eipassoc-9633cb4c",
                            "domain": "vpc",
                            "id": "eipalloc-04de0fa3b6f4d472b",
                            "instance": "",
                            "network_interface": "eni-01d2f4320ecb4554f",
                            "private_ip": "10.20.1.92",
                            "public_ip": "13.232.133.215",
                            "tags.%": "1",
                            "tags.Name": "TF_EIP",
                            "vpc": "true"
                        },
                        "meta": {
                            "e2bfb730-ecaa-11e6-8f88-34363bc7c4c0": {
                                "delete": 180000000000,
                                "read": 900000000000,
                                "update": 300000000000
                            }
                        },
                        "tainted": false
                    },
                    "deposed": [],
                    "provider": "provider.aws"
                },
                "aws_instance.TF_EC2": {
                    "type": "aws_instance",
                    "depends_on": [
                        "aws_key_pair.terraform_kp",
                        "aws_security_group.TF_SG",
                        "aws_subnet.TF_SB"
                    ],
                    "primary": {
                        "id": "i-0596c173bc8fe1525",
                        "attributes": {
                            "ami": "ami-00b7e666605d33085",
                            "arn": "arn:aws:ec2:ap-south-1:685523434819:instance/i-0596c173bc8fe1525",
                            "associate_public_ip_address": "false",
                            "availability_zone": "ap-south-1a",
                            "cpu_core_count": "1",
                            "cpu_threads_per_core": "1",
                            "credit_specification.#": "1",
                            "credit_specification.0.cpu_credits": "standard",
                            "disable_api_termination": "false",
                            "ebs_block_device.#": "0",
                            "ebs_optimized": "false",
                            "ephemeral_block_device.#": "0",
                            "get_password_data": "false",
                            "iam_instance_profile": "",
                            "id": "i-0596c173bc8fe1525",
                            "instance_state": "running",
                            "instance_type": "t2.micro",
                            "ipv6_addresses.#": "0",
                            "key_name": "terraform_kp",
                            "monitoring": "false",
                            "network_interface.#": "0",
                            "network_interface_id": "eni-0b301f644038304f4",
                            "password_data": "",
                            "placement_group": "",
                            "primary_network_interface_id": "eni-0b301f644038304f4",
                            "private_dns": "ip-10-20-0-23.ap-south-1.compute.internal",
                            "private_ip": "10.20.0.23",
                            "public_dns": "",
                            "public_ip": "",
                            "root_block_device.#": "1",
                            "root_block_device.0.delete_on_termination": "true",
                            "root_block_device.0.iops": "100",
                            "root_block_device.0.volume_id": "vol-00b73d1c311747f9f",
                            "root_block_device.0.volume_size": "10",
                            "root_block_device.0.volume_type": "gp2",
                            "security_groups.#": "0",
                            "source_dest_check": "true",
                            "subnet_id": "subnet-0dfd733f1f75f3439",
                            "tags.%": "1",
                            "tags.Name": "TF_WebApp",
                            "tenancy": "default",
                            "volume_tags.%": "0",
                            "vpc_security_group_ids.#": "1",
                            "vpc_security_group_ids.3241661915": "sg-0e7eaaee6f42816dc"
                        },
                        "meta": {
                            "e2bfb730-ecaa-11e6-8f88-34363bc7c4c0": {
                                "create": 600000000000,
                                "delete": 1200000000000,
                                "update": 600000000000
                            },
                            "schema_version": "1"
                        },
                        "tainted": false
                    },
                    "deposed": [],
                    "provider": "provider.aws"
                },
                "aws_internet_gateway.TF_GW": {
                    "type": "aws_internet_gateway",
                    "depends_on": [
                        "aws_vpc.TF_VPC"
                    ],
                    "primary": {
                        "id": "igw-076a16e390da14f37",
                        "attributes": {
                            "id": "igw-076a16e390da14f37",
                            "tags.%": "1",
                            "tags.Name": "TF_GATEWAY",
                            "vpc_id": "vpc-02d6abfa024d1eada"
                        },
                        "meta": {},
                        "tainted": false
                    },
                    "deposed": [],
                    "provider": "provider.aws"
                },
                "aws_key_pair.terraform_kp": {
                    "type": "aws_key_pair",
                    "depends_on": [],
                    "primary": {
                        "id": "terraform_kp",
                        "attributes": {
                            "fingerprint": "24:70:7d:b6:ed:64:6c:94:e7:bc:74:f8:9a:9c:e2:a4",
                            "id": "terraform_kp",
                            "key_name": "terraform_kp",
                            "public_key": "ssh-rsa AAAAB3NzaC1yc2EAAAADAQABAAABAQDN1lqPq7biFdLR7TeFWgtIq/W1FIGc5mG/GvebQXtJeKxm68H3Zgef7vJwRnWCJx+GQeeti+HHCa6OOfolgt7fMKyKS+I2/72qXyYNeW6hzL6K52bBdJWHftLYRhcOpAv3qTbebLSU7piV2vrDZkc3XEjPxRNu9GkZLE4bYMcaa0PSlmR01d0snXjLNyUE57p2fn/zFCQTUMrjoxplb5XN+OXgIjAJyxvzmOjjRy7Z5h+SyJGse3gB0Q8GZDwn7nJbq2DpmcNdb0x+LIZEuHwCxUQuvq05vQQliN74yRBCNi7dkdYOAHU+WkkQS+9YCCsJnOXil805mTLMJAWiUAo3 root@heartbeat"
                        },
                        "meta": {
                            "schema_version": "1"
                        },
                        "tainted": false
                    },
                    "deposed": [],
                    "provider": "provider.aws"
                },
                "aws_nat_gateway.TF_NAT": {
                    "type": "aws_nat_gateway",
                    "depends_on": [
                        "aws_eip.TF_EIP",
                        "aws_subnet.TF_SB2"
                    ],
                    "primary": {
                        "id": "nat-08c14058e80cd446f",
                        "attributes": {
                            "allocation_id": "eipalloc-04de0fa3b6f4d472b",
                            "id": "nat-08c14058e80cd446f",
                            "network_interface_id": "eni-01d2f4320ecb4554f",
                            "private_ip": "10.20.1.92",
                            "public_ip": "13.232.133.215",
                            "subnet_id": "subnet-0c22200f9ee1dfe5d",
                            "tags.%": "1",
                            "tags.Name": "TF_NAT"
                        },
                        "meta": {},
                        "tainted": false
                    },
                    "deposed": [],
                    "provider": "provider.aws"
                },
                "aws_route_table.TF_ROUTE": {
                    "type": "aws_route_table",
                    "depends_on": [
                        "aws_internet_gateway.TF_GW",
                        "aws_vpc.TF_VPC"
                    ],
                    "primary": {
                        "id": "rtb-00c3c2f4a3fdb46ce",
                        "attributes": {
                            "id": "rtb-00c3c2f4a3fdb46ce",
                            "propagating_vgws.#": "0",
                            "route.#": "1",
                            "route.2402180272.cidr_block": "0.0.0.0/0",
                            "route.2402180272.egress_only_gateway_id": "",
                            "route.2402180272.gateway_id": "igw-076a16e390da14f37",
                            "route.2402180272.instance_id": "",
                            "route.2402180272.ipv6_cidr_block": "",
                            "route.2402180272.nat_gateway_id": "",
                            "route.2402180272.network_interface_id": "",
                            "route.2402180272.vpc_peering_connection_id": "",
                            "tags.%": "1",
                            "tags.Name": "TF_ROUTE_TABLE",
                            "vpc_id": "vpc-02d6abfa024d1eada"
                        },
                        "meta": {},
                        "tainted": false
                    },
                    "deposed": [],
                    "provider": "provider.aws"
                },
                "aws_route_table.TF_ROUTE2": {
                    "type": "aws_route_table",
                    "depends_on": [
                        "aws_nat_gateway.TF_NAT",
                        "aws_vpc.TF_VPC"
                    ],
                    "primary": {
                        "id": "rtb-0af59d3a2ef2061d3",
                        "attributes": {
                            "id": "rtb-0af59d3a2ef2061d3",
                            "propagating_vgws.#": "0",
                            "route.#": "1",
                            "route.295424211.cidr_block": "0.0.0.0/0",
                            "route.295424211.egress_only_gateway_id": "",
                            "route.295424211.gateway_id": "",
                            "route.295424211.instance_id": "",
                            "route.295424211.ipv6_cidr_block": "",
                            "route.295424211.nat_gateway_id": "nat-08c14058e80cd446f",
                            "route.295424211.network_interface_id": "",
                            "route.295424211.vpc_peering_connection_id": "",
                            "tags.%": "1",
                            "tags.Name": "TF_ROUTE_TABLE2",
                            "vpc_id": "vpc-02d6abfa024d1eada"
                        },
                        "meta": {},
                        "tainted": false
                    },
                    "deposed": [],
                    "provider": "provider.aws"
                },
                "aws_security_group.TF_SG": {
                    "type": "aws_security_group",
                    "depends_on": [
                        "aws_vpc.TF_VPC"
                    ],
                    "primary": {
                        "id": "sg-0e7eaaee6f42816dc",
                        "attributes": {
                            "arn": "arn:aws:ec2:ap-south-1:685523434819:security-group/sg-0e7eaaee6f42816dc",
                            "description": "Managed by Terraform",
                            "egress.#": "1",
                            "egress.1986995490.cidr_blocks.#": "1",
                            "egress.1986995490.cidr_blocks.0": "0.0.0.0/0",
                            "egress.1986995490.description": "",
                            "egress.1986995490.from_port": "0",
                            "egress.1986995490.ipv6_cidr_blocks.#": "1",
                            "egress.1986995490.ipv6_cidr_blocks.0": "::/0",
                            "egress.1986995490.prefix_list_ids.#": "0",
                            "egress.1986995490.protocol": "-1",
                            "egress.1986995490.security_groups.#": "0",
                            "egress.1986995490.self": "false",
                            "egress.1986995490.to_port": "0",
                            "id": "sg-0e7eaaee6f42816dc",
                            "ingress.#": "3",
                            "ingress.2214680975.cidr_blocks.#": "1",
                            "ingress.2214680975.cidr_blocks.0": "0.0.0.0/0",
                            "ingress.2214680975.description": "",
                            "ingress.2214680975.from_port": "80",
                            "ingress.2214680975.ipv6_cidr_blocks.#": "0",
                            "ingress.2214680975.protocol": "tcp",
                            "ingress.2214680975.security_groups.#": "0",
                            "ingress.2214680975.self": "false",
                            "ingress.2214680975.to_port": "80",
                            "ingress.2541437006.cidr_blocks.#": "1",
                            "ingress.2541437006.cidr_blocks.0": "0.0.0.0/0",
                            "ingress.2541437006.description": "",
                            "ingress.2541437006.from_port": "22",
                            "ingress.2541437006.ipv6_cidr_blocks.#": "0",
                            "ingress.2541437006.protocol": "tcp",
                            "ingress.2541437006.security_groups.#": "0",
                            "ingress.2541437006.self": "false",
                            "ingress.2541437006.to_port": "22",
                            "ingress.2617001939.cidr_blocks.#": "1",
                            "ingress.2617001939.cidr_blocks.0": "0.0.0.0/0",
                            "ingress.2617001939.description": "",
                            "ingress.2617001939.from_port": "443",
                            "ingress.2617001939.ipv6_cidr_blocks.#": "0",
                            "ingress.2617001939.protocol": "tcp",
                            "ingress.2617001939.security_groups.#": "0",
                            "ingress.2617001939.self": "false",
                            "ingress.2617001939.to_port": "443",
                            "name": "TF_webapp",
                            "owner_id": "685523434819",
                            "revoke_rules_on_delete": "false",
                            "tags.%": "0",
                            "vpc_id": "vpc-02d6abfa024d1eada"
                        },
                        "meta": {
                            "e2bfb730-ecaa-11e6-8f88-34363bc7c4c0": {
                                "create": 600000000000,
                                "delete": 600000000000
                            },
                            "schema_version": "1"
                        },
                        "tainted": false
                    },
                    "deposed": [],
                    "provider": "provider.aws"
                },
                "aws_subnet.TF_SB": {
                    "type": "aws_subnet",
                    "depends_on": [
                        "aws_vpc.TF_VPC"
                    ],
                    "primary": {
                        "id": "subnet-0dfd733f1f75f3439",
                        "attributes": {
                            "arn": "arn:aws:ec2:ap-south-1:685523434819:subnet/subnet-0dfd733f1f75f3439",
                            "assign_ipv6_address_on_creation": "false",
                            "availability_zone": "ap-south-1a",
                            "cidr_block": "10.20.0.0/24",
                            "id": "subnet-0dfd733f1f75f3439",
                            "map_public_ip_on_launch": "false",
                            "tags.%": "1",
                            "tags.Name": "TF_SUBNET",
                            "vpc_id": "vpc-02d6abfa024d1eada"
                        },
                        "meta": {
                            "schema_version": "1"
                        },
                        "tainted": false
                    },
                    "deposed": [],
                    "provider": "provider.aws"
                },
                "aws_subnet.TF_SB2": {
                    "type": "aws_subnet",
                    "depends_on": [
                        "aws_vpc.TF_VPC"
                    ],
                    "primary": {
                        "id": "subnet-0c22200f9ee1dfe5d",
                        "attributes": {
                            "arn": "arn:aws:ec2:ap-south-1:685523434819:subnet/subnet-0c22200f9ee1dfe5d",
                            "assign_ipv6_address_on_creation": "false",
                            "availability_zone": "ap-south-1b",
                            "cidr_block": "10.20.1.0/24",
                            "id": "subnet-0c22200f9ee1dfe5d",
                            "map_public_ip_on_launch": "false",
                            "tags.%": "1",
                            "tags.Name": "TF_SUBNET2",
                            "vpc_id": "vpc-02d6abfa024d1eada"
                        },
                        "meta": {
                            "schema_version": "1"
                        },
                        "tainted": false
                    },
                    "deposed": [],
                    "provider": "provider.aws"
                },
                "aws_vpc.TF_VPC": {
                    "type": "aws_vpc",
                    "depends_on": [],
                    "primary": {
                        "id": "vpc-02d6abfa024d1eada",
                        "attributes": {
                            "arn": "arn:aws:ec2:ap-south-1:685523434819:vpc/vpc-02d6abfa024d1eada",
                            "assign_generated_ipv6_cidr_block": "false",
                            "cidr_block": "10.20.0.0/23",
                            "default_network_acl_id": "acl-0b6a057025a63e06c",
                            "default_route_table_id": "rtb-0ceb5fc8951e4cb95",
                            "default_security_group_id": "sg-015b17e2b00109b74",
                            "dhcp_options_id": "dopt-8930b1e0",
                            "enable_dns_hostnames": "false",
                            "enable_dns_support": "true",
                            "id": "vpc-02d6abfa024d1eada",
                            "instance_tenancy": "default",
                            "main_route_table_id": "rtb-0ceb5fc8951e4cb95",
                            "tags.%": "1",
                            "tags.Name": "TF_VPC"
                        },
                        "meta": {
                            "schema_version": "1"
                        },
                        "tainted": false
                    },
                    "deposed": [],
                    "provider": "provider.aws"
                }
            },
            "depends_on": []
        }
    ]
}
